{
  "name": "untitled18",
  "version": "1.0.0",
  "lockfileVersion": 3,
  "requires": true,
  "packages": {
    "": {
      "name": "untitled18",
      "version": "1.0.0",
      "dependencies": {
        "@eslint/js": "^9.0.0"
      }
    },
    "node_modules/@eslint/js": {
      "version": "9.0.0",
      "resolved": "https://registry.npmjs.org/@eslint/js/-/js-9.0.0.tgz",
      "integrity": "sha512-RThY/MnKrhubF6+s1JflwUjPEsnCEmYCWwqa/aRISKWNXGZ9epUwft4bUMM35SdKF9xvBrLydAM1RDHd1Z//ZQ==",
      "engines": {
        "node": "^18.18.0 || ^20.9.0 || >=21.1.0"
      }
    }
  }
}
